%{"absinthe": {:hex, :absinthe, "1.4.5", "a5c60aca65cdcd76305974f63d164573961d528af54e41f97e1ce6b400704e93", [], [{:dataloader, "~> 1.0.0", [hex: :dataloader, repo: "hexpm", optional: true]}, {:decimal, "~> 1.0", [hex: :decimal, repo: "hexpm", optional: true]}], "hexpm"},
  "fuse": {:hex, :fuse, "2.4.0", "499ab65d3b1d291909973e1c25bdc55a17379fb26899f25eb68b6437a880de1b", [], [], "hexpm"},
  "statix": {:hex, :statix, "1.1.0", "af9a4586c5cd58f879e0595f06a4790878715de5b8f75f6346693aaa38da2424", [], [], "hexpm"}}
